
Microsoft Visual Studio Solution File, Format Version 12.00
# Visual Studio Version 17
VisualStudioVersion = 17.0.31903.59
MinimumVisualStudioVersion = 10.0.40219.1
Project("{2150E333-8FDC-42A3-9474-1A3956D46DE8}") = "src", "src", "{827E0CD3-B72D-47B6-A68D-7590B98EB39B}"
EndProject
Project("{FAE04EC0-301F-11D3-BF4B-00C04F79EFBC}") = "SqlAuditedQueryTool.Core", "src\SqlAuditedQueryTool.Core\SqlAuditedQueryTool.Core.csproj", "{B32DF7F6-A8AF-403D-A6B6-D3121EDA0ABA}"
EndProject
Project("{FAE04EC0-301F-11D3-BF4B-00C04F79EFBC}") = "SqlAuditedQueryTool.Database", "src\SqlAuditedQueryTool.Database\SqlAuditedQueryTool.Database.csproj", "{7D82ABDE-F2EB-4109-8887-A0D548C46C6D}"
EndProject
Project("{FAE04EC0-301F-11D3-BF4B-00C04F79EFBC}") = "SqlAuditedQueryTool.Audit", "src\SqlAuditedQueryTool.Audit\SqlAuditedQueryTool.Audit.csproj", "{252D311B-A55E-4FF6-B68A-12364C9370F6}"
EndProject
Project("{FAE04EC0-301F-11D3-BF4B-00C04F79EFBC}") = "SqlAuditedQueryTool.Llm", "src\SqlAuditedQueryTool.Llm\SqlAuditedQueryTool.Llm.csproj", "{92DDF58B-671B-45EE-BD51-12ED859F9E8E}"
EndProject
Project("{FAE04EC0-301F-11D3-BF4B-00C04F79EFBC}") = "SqlAuditedQueryTool.App", "src\SqlAuditedQueryTool.App\SqlAuditedQueryTool.App.csproj", "{E90FCC3F-968A-44D7-9868-129F3D391B4E}"
EndProject
Project("{2150E333-8FDC-42A3-9474-1A3956D46DE8}") = "tests", "tests", "{0AB3BF05-4346-4AA6-1389-037BE0695223}"
EndProject
Project("{FAE04EC0-301F-11D3-BF4B-00C04F79EFBC}") = "SqlAuditedQueryTool.Core.Tests", "tests\SqlAuditedQueryTool.Core.Tests\SqlAuditedQueryTool.Core.Tests.csproj", "{BEB2B4AC-1048-4E48-8C21-A7521DB114DC}"
EndProject
Project("{FAE04EC0-301F-11D3-BF4B-00C04F79EFBC}") = "SqlAuditedQueryTool.Database.Tests", "tests\SqlAuditedQueryTool.Database.Tests\SqlAuditedQueryTool.Database.Tests.csproj", "{FF43BF03-8AF7-4A81-A817-B523583A6DA1}"
EndProject
Project("{FAE04EC0-301F-11D3-BF4B-00C04F79EFBC}") = "SqlAuditedQueryTool.Audit.Tests", "tests\SqlAuditedQueryTool.Audit.Tests\SqlAuditedQueryTool.Audit.Tests.csproj", "{916CECA7-5EDF-41CD-B90B-4C1A2761477A}"
EndProject
Project("{FAE04EC0-301F-11D3-BF4B-00C04F79EFBC}") = "SqlAuditedQueryTool.Llm.Tests", "tests\SqlAuditedQueryTool.Llm.Tests\SqlAuditedQueryTool.Llm.Tests.csproj", "{12C0170B-3BC8-4541-B3D7-8F7115C515F7}"
EndProject
Project("{FAE04EC0-301F-11D3-BF4B-00C04F79EFBC}") = "SqlAuditedQueryTool.AppHost", "SqlAuditedQueryTool.AppHost\SqlAuditedQueryTool.AppHost.csproj", "{EFB43A1C-0019-41AF-B9BB-A4BEF6C34B92}"
EndProject
Project("{FAE04EC0-301F-11D3-BF4B-00C04F79EFBC}") = "SqlAuditedQueryTool.ServiceDefaults", "SqlAuditedQueryTool.ServiceDefaults\SqlAuditedQueryTool.ServiceDefaults.csproj", "{73FAC99E-AD6B-48DA-B79C-C55A9AD42547}"
EndProject
Global
	GlobalSection(SolutionConfigurationPlatforms) = preSolution
		Debug|Any CPU = Debug|Any CPU
		Debug|x64 = Debug|x64
		Debug|x86 = Debug|x86
		Release|Any CPU = Release|Any CPU
		Release|x64 = Release|x64
		Release|x86 = Release|x86
	EndGlobalSection
	GlobalSection(ProjectConfigurationPlatforms) = postSolution
		{B32DF7F6-A8AF-403D-A6B6-D3121EDA0ABA}.Debug|Any CPU.ActiveCfg = Debug|Any CPU
		{B32DF7F6-A8AF-403D-A6B6-D3121EDA0ABA}.Debug|Any CPU.Build.0 = Debug|Any CPU
		{B32DF7F6-A8AF-403D-A6B6-D3121EDA0ABA}.Debug|x64.ActiveCfg = Debug|Any CPU
		{B32DF7F6-A8AF-403D-A6B6-D3121EDA0ABA}.Debug|x64.Build.0 = Debug|Any CPU
		{B32DF7F6-A8AF-403D-A6B6-D3121EDA0ABA}.Debug|x86.ActiveCfg = Debug|Any CPU
		{B32DF7F6-A8AF-403D-A6B6-D3121EDA0ABA}.Debug|x86.Build.0 = Debug|Any CPU
		{B32DF7F6-A8AF-403D-A6B6-D3121EDA0ABA}.Release|Any CPU.ActiveCfg = Release|Any CPU
		{B32DF7F6-A8AF-403D-A6B6-D3121EDA0ABA}.Release|Any CPU.Build.0 = Release|Any CPU
		{B32DF7F6-A8AF-403D-A6B6-D3121EDA0ABA}.Release|x64.ActiveCfg = Release|Any CPU
		{B32DF7F6-A8AF-403D-A6B6-D3121EDA0ABA}.Release|x64.Build.0 = Release|Any CPU
		{B32DF7F6-A8AF-403D-A6B6-D3121EDA0ABA}.Release|x86.ActiveCfg = Release|Any CPU
		{B32DF7F6-A8AF-403D-A6B6-D3121EDA0ABA}.Release|x86.Build.0 = Release|Any CPU
		{7D82ABDE-F2EB-4109-8887-A0D548C46C6D}.Debug|Any CPU.ActiveCfg = Debug|Any CPU
		{7D82ABDE-F2EB-4109-8887-A0D548C46C6D}.Debug|Any CPU.Build.0 = Debug|Any CPU
		{7D82ABDE-F2EB-4109-8887-A0D548C46C6D}.Debug|x64.ActiveCfg = Debug|Any CPU
		{7D82ABDE-F2EB-4109-8887-A0D548C46C6D}.Debug|x64.Build.0 = Debug|Any CPU
		{7D82ABDE-F2EB-4109-8887-A0D548C46C6D}.Debug|x86.ActiveCfg = Debug|Any CPU
		{7D82ABDE-F2EB-4109-8887-A0D548C46C6D}.Debug|x86.Build.0 = Debug|Any CPU
		{7D82ABDE-F2EB-4109-8887-A0D548C46C6D}.Release|Any CPU.ActiveCfg = Release|Any CPU
		{7D82ABDE-F2EB-4109-8887-A0D548C46C6D}.Release|Any CPU.Build.0 = Release|Any CPU
		{7D82ABDE-F2EB-4109-8887-A0D548C46C6D}.Release|x64.ActiveCfg = Release|Any CPU
		{7D82ABDE-F2EB-4109-8887-A0D548C46C6D}.Release|x64.Build.0 = Release|Any CPU
		{7D82ABDE-F2EB-4109-8887-A0D548C46C6D}.Release|x86.ActiveCfg = Release|Any CPU
		{7D82ABDE-F2EB-4109-8887-A0D548C46C6D}.Release|x86.Build.0 = Release|Any CPU
		{252D311B-A55E-4FF6-B68A-12364C9370F6}.Debug|Any CPU.ActiveCfg = Debug|Any CPU
		{252D311B-A55E-4FF6-B68A-12364C9370F6}.Debug|Any CPU.Build.0 = Debug|Any CPU
		{252D311B-A55E-4FF6-B68A-12364C9370F6}.Debug|x64.ActiveCfg = Debug|Any CPU
		{252D311B-A55E-4FF6-B68A-12364C9370F6}.Debug|x64.Build.0 = Debug|Any CPU
		{252D311B-A55E-4FF6-B68A-12364C9370F6}.Debug|x86.ActiveCfg = Debug|Any CPU
		{252D311B-A55E-4FF6-B68A-12364C9370F6}.Debug|x86.Build.0 = Debug|Any CPU
		{252D311B-A55E-4FF6-B68A-12364C9370F6}.Release|Any CPU.ActiveCfg = Release|Any CPU
		{252D311B-A55E-4FF6-B68A-12364C9370F6}.Release|Any CPU.Build.0 = Release|Any CPU
		{252D311B-A55E-4FF6-B68A-12364C9370F6}.Release|x64.ActiveCfg = Release|Any CPU
		{252D311B-A55E-4FF6-B68A-12364C9370F6}.Release|x64.Build.0 = Release|Any CPU
		{252D311B-A55E-4FF6-B68A-12364C9370F6}.Release|x86.ActiveCfg = Release|Any CPU
		{252D311B-A55E-4FF6-B68A-12364C9370F6}.Release|x86.Build.0 = Release|Any CPU
		{92DDF58B-671B-45EE-BD51-12ED859F9E8E}.Debug|Any CPU.ActiveCfg = Debug|Any CPU
		{92DDF58B-671B-45EE-BD51-12ED859F9E8E}.Debug|Any CPU.Build.0 = Debug|Any CPU
		{92DDF58B-671B-45EE-BD51-12ED859F9E8E}.Debug|x64.ActiveCfg = Debug|Any CPU
		{92DDF58B-671B-45EE-BD51-12ED859F9E8E}.Debug|x64.Build.0 = Debug|Any CPU
		{92DDF58B-671B-45EE-BD51-12ED859F9E8E}.Debug|x86.ActiveCfg = Debug|Any CPU
		{92DDF58B-671B-45EE-BD51-12ED859F9E8E}.Debug|x86.Build.0 = Debug|Any CPU
		{92DDF58B-671B-45EE-BD51-12ED859F9E8E}.Release|Any CPU.ActiveCfg = Release|Any CPU
		{92DDF58B-671B-45EE-BD51-12ED859F9E8E}.Release|Any CPU.Build.0 = Release|Any CPU
		{92DDF58B-671B-45EE-BD51-12ED859F9E8E}.Release|x64.ActiveCfg = Release|Any CPU
		{92DDF58B-671B-45EE-BD51-12ED859F9E8E}.Release|x64.Build.0 = Release|Any CPU
		{92DDF58B-671B-45EE-BD51-12ED859F9E8E}.Release|x86.ActiveCfg = Release|Any CPU
		{92DDF58B-671B-45EE-BD51-12ED859F9E8E}.Release|x86.Build.0 = Release|Any CPU
		{E90FCC3F-968A-44D7-9868-129F3D391B4E}.Debug|Any CPU.ActiveCfg = Debug|Any CPU
		{E90FCC3F-968A-44D7-9868-129F3D391B4E}.Debug|Any CPU.Build.0 = Debug|Any CPU
		{E90FCC3F-968A-44D7-9868-129F3D391B4E}.Debug|x64.ActiveCfg = Debug|Any CPU
		{E90FCC3F-968A-44D7-9868-129F3D391B4E}.Debug|x64.Build.0 = Debug|Any CPU
		{E90FCC3F-968A-44D7-9868-129F3D391B4E}.Debug|x86.ActiveCfg = Debug|Any CPU
		{E90FCC3F-968A-44D7-9868-129F3D391B4E}.Debug|x86.Build.0 = Debug|Any CPU
		{E90FCC3F-968A-44D7-9868-129F3D391B4E}.Release|Any CPU.ActiveCfg = Release|Any CPU
		{E90FCC3F-968A-44D7-9868-129F3D391B4E}.Release|Any CPU.Build.0 = Release|Any CPU
		{E90FCC3F-968A-44D7-9868-129F3D391B4E}.Release|x64.ActiveCfg = Release|Any CPU
		{E90FCC3F-968A-44D7-9868-129F3D391B4E}.Release|x64.Build.0 = Release|Any CPU
		{E90FCC3F-968A-44D7-9868-129F3D391B4E}.Release|x86.ActiveCfg = Release|Any CPU
		{E90FCC3F-968A-44D7-9868-129F3D391B4E}.Release|x86.Build.0 = Release|Any CPU
		{BEB2B4AC-1048-4E48-8C21-A7521DB114DC}.Debug|Any CPU.ActiveCfg = Debug|Any CPU
		{BEB2B4AC-1048-4E48-8C21-A7521DB114DC}.Debug|Any CPU.Build.0 = Debug|Any CPU
		{BEB2B4AC-1048-4E48-8C21-A7521DB114DC}.Debug|x64.ActiveCfg = Debug|Any CPU
		{BEB2B4AC-1048-4E48-8C21-A7521DB114DC}.Debug|x64.Build.0 = Debug|Any CPU
		{BEB2B4AC-1048-4E48-8C21-A7521DB114DC}.Debug|x86.ActiveCfg = Debug|Any CPU
		{BEB2B4AC-1048-4E48-8C21-A7521DB114DC}.Debug|x86.Build.0 = Debug|Any CPU
		{BEB2B4AC-1048-4E48-8C21-A7521DB114DC}.Release|Any CPU.ActiveCfg = Release|Any CPU
		{BEB2B4AC-1048-4E48-8C21-A7521DB114DC}.Release|Any CPU.Build.0 = Release|Any CPU
		{BEB2B4AC-1048-4E48-8C21-A7521DB114DC}.Release|x64.ActiveCfg = Release|Any CPU
		{BEB2B4AC-1048-4E48-8C21-A7521DB114DC}.Release|x64.Build.0 = Release|Any CPU
		{BEB2B4AC-1048-4E48-8C21-A7521DB114DC}.Release|x86.ActiveCfg = Release|Any CPU
		{BEB2B4AC-1048-4E48-8C21-A7521DB114DC}.Release|x86.Build.0 = Release|Any CPU
		{FF43BF03-8AF7-4A81-A817-B523583A6DA1}.Debug|Any CPU.ActiveCfg = Debug|Any CPU
		{FF43BF03-8AF7-4A81-A817-B523583A6DA1}.Debug|Any CPU.Build.0 = Debug|Any CPU
		{FF43BF03-8AF7-4A81-A817-B523583A6DA1}.Debug|x64.ActiveCfg = Debug|Any CPU
		{FF43BF03-8AF7-4A81-A817-B523583A6DA1}.Debug|x64.Build.0 = Debug|Any CPU
		{FF43BF03-8AF7-4A81-A817-B523583A6DA1}.Debug|x86.ActiveCfg = Debug|Any CPU
		{FF43BF03-8AF7-4A81-A817-B523583A6DA1}.Debug|x86.Build.0 = Debug|Any CPU
		{FF43BF03-8AF7-4A81-A817-B523583A6DA1}.Release|Any CPU.ActiveCfg = Release|Any CPU
		{FF43BF03-8AF7-4A81-A817-B523583A6DA1}.Release|Any CPU.Build.0 = Release|Any CPU
		{FF43BF03-8AF7-4A81-A817-B523583A6DA1}.Release|x64.ActiveCfg = Release|Any CPU
		{FF43BF03-8AF7-4A81-A817-B523583A6DA1}.Release|x64.Build.0 = Release|Any CPU
		{FF43BF03-8AF7-4A81-A817-B523583A6DA1}.Release|x86.ActiveCfg = Release|Any CPU
		{FF43BF03-8AF7-4A81-A817-B523583A6DA1}.Release|x86.Build.0 = Release|Any CPU
		{916CECA7-5EDF-41CD-B90B-4C1A2761477A}.Debug|Any CPU.ActiveCfg = Debug|Any CPU
		{916CECA7-5EDF-41CD-B90B-4C1A2761477A}.Debug|Any CPU.Build.0 = Debug|Any CPU
		{916CECA7-5EDF-41CD-B90B-4C1A2761477A}.Debug|x64.ActiveCfg = Debug|Any CPU
		{916CECA7-5EDF-41CD-B90B-4C1A2761477A}.Debug|x64.Build.0 = Debug|Any CPU
		{916CECA7-5EDF-41CD-B90B-4C1A2761477A}.Debug|x86.ActiveCfg = Debug|Any CPU
		{916CECA7-5EDF-41CD-B90B-4C1A2761477A}.Debug|x86.Build.0 = Debug|Any CPU
		{916CECA7-5EDF-41CD-B90B-4C1A2761477A}.Release|Any CPU.ActiveCfg = Release|Any CPU
		{916CECA7-5EDF-41CD-B90B-4C1A2761477A}.Release|Any CPU.Build.0 = Release|Any CPU
		{916CECA7-5EDF-41CD-B90B-4C1A2761477A}.Release|x64.ActiveCfg = Release|Any CPU
		{916CECA7-5EDF-41CD-B90B-4C1A2761477A}.Release|x64.Build.0 = Release|Any CPU
		{916CECA7-5EDF-41CD-B90B-4C1A2761477A}.Release|x86.ActiveCfg = Release|Any CPU
		{916CECA7-5EDF-41CD-B90B-4C1A2761477A}.Release|x86.Build.0 = Release|Any CPU
		{12C0170B-3BC8-4541-B3D7-8F7115C515F7}.Debug|Any CPU.ActiveCfg = Debug|Any CPU
		{12C0170B-3BC8-4541-B3D7-8F7115C515F7}.Debug|Any CPU.Build.0 = Debug|Any CPU
		{12C0170B-3BC8-4541-B3D7-8F7115C515F7}.Debug|x64.ActiveCfg = Debug|Any CPU
		{12C0170B-3BC8-4541-B3D7-8F7115C515F7}.Debug|x64.Build.0 = Debug|Any CPU
		{12C0170B-3BC8-4541-B3D7-8F7115C515F7}.Debug|x86.ActiveCfg = Debug|Any CPU
		{12C0170B-3BC8-4541-B3D7-8F7115C515F7}.Debug|x86.Build.0 = Debug|Any CPU
		{12C0170B-3BC8-4541-B3D7-8F7115C515F7}.Release|Any CPU.ActiveCfg = Release|Any CPU
		{12C0170B-3BC8-4541-B3D7-8F7115C515F7}.Release|Any CPU.Build.0 = Release|Any CPU
		{12C0170B-3BC8-4541-B3D7-8F7115C515F7}.Release|x64.ActiveCfg = Release|Any CPU
		{12C0170B-3BC8-4541-B3D7-8F7115C515F7}.Release|x64.Build.0 = Release|Any CPU
		{12C0170B-3BC8-4541-B3D7-8F7115C515F7}.Release|x86.ActiveCfg = Release|Any CPU
		{12C0170B-3BC8-4541-B3D7-8F7115C515F7}.Release|x86.Build.0 = Release|Any CPU
		{EFB43A1C-0019-41AF-B9BB-A4BEF6C34B92}.Debug|Any CPU.ActiveCfg = Debug|Any CPU
		{EFB43A1C-0019-41AF-B9BB-A4BEF6C34B92}.Debug|Any CPU.Build.0 = Debug|Any CPU
		{EFB43A1C-0019-41AF-B9BB-A4BEF6C34B92}.Debug|x64.ActiveCfg = Debug|Any CPU
		{EFB43A1C-0019-41AF-B9BB-A4BEF6C34B92}.Debug|x64.Build.0 = Debug|Any CPU
		{EFB43A1C-0019-41AF-B9BB-A4BEF6C34B92}.Debug|x86.ActiveCfg = Debug|Any CPU
		{EFB43A1C-0019-41AF-B9BB-A4BEF6C34B92}.Debug|x86.Build.0 = Debug|Any CPU
		{EFB43A1C-0019-41AF-B9BB-A4BEF6C34B92}.Release|Any CPU.ActiveCfg = Release|Any CPU
		{EFB43A1C-0019-41AF-B9BB-A4BEF6C34B92}.Release|Any CPU.Build.0 = Release|Any CPU
		{EFB43A1C-0019-41AF-B9BB-A4BEF6C34B92}.Release|x64.ActiveCfg = Release|Any CPU
		{EFB43A1C-0019-41AF-B9BB-A4BEF6C34B92}.Release|x64.Build.0 = Release|Any CPU
		{EFB43A1C-0019-41AF-B9BB-A4BEF6C34B92}.Release|x86.ActiveCfg = Release|Any CPU
		{EFB43A1C-0019-41AF-B9BB-A4BEF6C34B92}.Release|x86.Build.0 = Release|Any CPU
		{73FAC99E-AD6B-48DA-B79C-C55A9AD42547}.Debug|Any CPU.ActiveCfg = Debug|Any CPU
		{73FAC99E-AD6B-48DA-B79C-C55A9AD42547}.Debug|Any CPU.Build.0 = Debug|Any CPU
		{73FAC99E-AD6B-48DA-B79C-C55A9AD42547}.Debug|x64.ActiveCfg = Debug|Any CPU
		{73FAC99E-AD6B-48DA-B79C-C55A9AD42547}.Debug|x64.Build.0 = Debug|Any CPU
		{73FAC99E-AD6B-48DA-B79C-C55A9AD42547}.Debug|x86.ActiveCfg = Debug|Any CPU
		{73FAC99E-AD6B-48DA-B79C-C55A9AD42547}.Debug|x86.Build.0 = Debug|Any CPU
		{73FAC99E-AD6B-48DA-B79C-C55A9AD42547}.Release|Any CPU.ActiveCfg = Release|Any CPU
		{73FAC99E-AD6B-48DA-B79C-C55A9AD42547}.Release|Any CPU.Build.0 = Release|Any CPU
		{73FAC99E-AD6B-48DA-B79C-C55A9AD42547}.Release|x64.ActiveCfg = Release|Any CPU
		{73FAC99E-AD6B-48DA-B79C-C55A9AD42547}.Release|x64.Build.0 = Release|Any CPU
		{73FAC99E-AD6B-48DA-B79C-C55A9AD42547}.Release|x86.ActiveCfg = Release|Any CPU
		{73FAC99E-AD6B-48DA-B79C-C55A9AD42547}.Release|x86.Build.0 = Release|Any CPU
	EndGlobalSection
	GlobalSection(SolutionProperties) = preSolution
		HideSolutionNode = FALSE
	EndGlobalSection
	GlobalSection(NestedProjects) = preSolution
		{B32DF7F6-A8AF-403D-A6B6-D3121EDA0ABA} = {827E0CD3-B72D-47B6-A68D-7590B98EB39B}
		{7D82ABDE-F2EB-4109-8887-A0D548C46C6D} = {827E0CD3-B72D-47B6-A68D-7590B98EB39B}
		{252D311B-A55E-4FF6-B68A-12364C9370F6} = {827E0CD3-B72D-47B6-A68D-7590B98EB39B}
		{92DDF58B-671B-45EE-BD51-12ED859F9E8E} = {827E0CD3-B72D-47B6-A68D-7590B98EB39B}
		{E90FCC3F-968A-44D7-9868-129F3D391B4E} = {827E0CD3-B72D-47B6-A68D-7590B98EB39B}
		{BEB2B4AC-1048-4E48-8C21-A7521DB114DC} = {0AB3BF05-4346-4AA6-1389-037BE0695223}
		{FF43BF03-8AF7-4A81-A817-B523583A6DA1} = {0AB3BF05-4346-4AA6-1389-037BE0695223}
		{916CECA7-5EDF-41CD-B90B-4C1A2761477A} = {0AB3BF05-4346-4AA6-1389-037BE0695223}
		{12C0170B-3BC8-4541-B3D7-8F7115C515F7} = {0AB3BF05-4346-4AA6-1389-037BE0695223}
	EndGlobalSection
EndGlobal
